
Microsoft Visual Studio Solution File, Format Version 12.00
# Visual Studio 15
VisualStudioVersion = 15.0.28307.645
MinimumVisualStudioVersion = 10.0.40219.1
Project("{FAE04EC0-301F-11D3-BF4B-00C04F79EFBC}") = "CsharpDemo", "CsharpDemo\CsharpDemo.csproj", "{D5CB1090-6092-440B-93D0-158F861AE372}"
EndProject
Global
	GlobalSection(SolutionConfigurationPlatforms) = preSolution
		Debug|Any CPU = Debug|Any CPU
		Release|Any CPU = Release|Any CPU
	EndGlobalSection
	GlobalSection(ProjectConfigurationPlatforms) = postSolution
		{D5CB1090-6092-440B-93D0-158F861AE372}.Debug|Any CPU.ActiveCfg = Debug|Any CPU
		{D5CB1090-6092-440B-93D0-158F861AE372}.Debug|Any CPU.Build.0 = Debug|Any CPU
		{D5CB1090-6092-440B-93D0-158F861AE372}.Release|Any CPU.ActiveCfg = Release|Any CPU
		{D5CB1090-6092-440B-93D0-158F861AE372}.Release|Any CPU.Build.0 = Release|Any CPU
	EndGlobalSection
	GlobalSection(SolutionProperties) = preSolution
		HideSolutionNode = FALSE
	EndGlobalSection
	GlobalSection(ExtensibilityGlobals) = postSolution
		SolutionGuid = {8758841B-14A2-4786-81F2-A63AF1AB10DF}
	EndGlobalSection
EndGlobal
